
Microsoft Visual Studio Solution File, Format Version 12.00
# Visual Studio Version 16
VisualStudioVersion = 16.0.29709.97
MinimumVisualStudioVersion = 10.0.40219.1
Project("{FAE04EC0-301F-11D3-BF4B-00C04F79EFBC}") = "IntuneManagement-GUI", "IntuneManagement-GUI\IntuneManagement-GUI.csproj", "{3BCD5E90-A2E5-456E-A3A3-168C3818D659}"
EndProject
Project("{FAE04EC0-301F-11D3-BF4B-00C04F79EFBC}") = "IntuneManagement-Functionality", "IntuneManagement-Functionality\IntuneManagement-Functionality.csproj", "{06D8C3D3-55BB-4E88-B00E-B69DC41BA384}"
EndProject
Global
	GlobalSection(SolutionConfigurationPlatforms) = preSolution
		Debug|Any CPU = Debug|Any CPU
		Release|Any CPU = Release|Any CPU
	EndGlobalSection
	GlobalSection(ProjectConfigurationPlatforms) = postSolution
		{3BCD5E90-A2E5-456E-A3A3-168C3818D659}.Debug|Any CPU.ActiveCfg = Debug|Any CPU
		{3BCD5E90-A2E5-456E-A3A3-168C3818D659}.Debug|Any CPU.Build.0 = Debug|Any CPU
		{3BCD5E90-A2E5-456E-A3A3-168C3818D659}.Release|Any CPU.ActiveCfg = Release|Any CPU
		{3BCD5E90-A2E5-456E-A3A3-168C3818D659}.Release|Any CPU.Build.0 = Release|Any CPU
		{06D8C3D3-55BB-4E88-B00E-B69DC41BA384}.Debug|Any CPU.ActiveCfg = Debug|Any CPU
		{06D8C3D3-55BB-4E88-B00E-B69DC41BA384}.Debug|Any CPU.Build.0 = Debug|Any CPU
		{06D8C3D3-55BB-4E88-B00E-B69DC41BA384}.Release|Any CPU.ActiveCfg = Release|Any CPU
		{06D8C3D3-55BB-4E88-B00E-B69DC41BA384}.Release|Any CPU.Build.0 = Release|Any CPU
	EndGlobalSection
	GlobalSection(SolutionProperties) = preSolution
		HideSolutionNode = FALSE
	EndGlobalSection
	GlobalSection(ExtensibilityGlobals) = postSolution
		SolutionGuid = {CCBA43D7-4CC5-4506-8B22-D077ACA6C453}
	EndGlobalSection
EndGlobal
